
Microsoft Visual Studio Solution File, Format Version 12.00
# Visual Studio Version 16
VisualStudioVersion = 16.0.31729.503
MinimumVisualStudioVersion = 10.0.40219.1
Project("{FAE04EC0-301F-11D3-BF4B-00C04F79EFBC}") = "EmployeeWAge7", "EmployeeWAge7\EmployeeWAge7.csproj", "{3DA3F5A5-618D-49E9-8079-BEF925060C7B}"
EndProject
Global
	GlobalSection(SolutionConfigurationPlatforms) = preSolution
		Debug|Any CPU = Debug|Any CPU
		Release|Any CPU = Release|Any CPU
	EndGlobalSection
	GlobalSection(ProjectConfigurationPlatforms) = postSolution
		{3DA3F5A5-618D-49E9-8079-BEF925060C7B}.Debug|Any CPU.ActiveCfg = Debug|Any CPU
		{3DA3F5A5-618D-49E9-8079-BEF925060C7B}.Debug|Any CPU.Build.0 = Debug|Any CPU
		{3DA3F5A5-618D-49E9-8079-BEF925060C7B}.Release|Any CPU.ActiveCfg = Release|Any CPU
		{3DA3F5A5-618D-49E9-8079-BEF925060C7B}.Release|Any CPU.Build.0 = Release|Any CPU
	EndGlobalSection
	GlobalSection(SolutionProperties) = preSolution
		HideSolutionNode = FALSE
	EndGlobalSection
	GlobalSection(ExtensibilityGlobals) = postSolution
		SolutionGuid = {EBA8B4E6-8BE8-4601-B26B-7B1AD28D2BCE}
	EndGlobalSection
EndGlobal
