
Microsoft Visual Studio Solution File, Format Version 12.00
# Visual Studio Version 16
VisualStudioVersion = 16.0.31729.503
MinimumVisualStudioVersion = 10.0.40219.1
Project("{FAE04EC0-301F-11D3-BF4B-00C04F79EFBC}") = "EmpWage_10", "EmpWage_10\EmpWage_10.csproj", "{6BDA2ABA-62DE-493B-8308-250467B6CCDB}"
EndProject
Global
	GlobalSection(SolutionConfigurationPlatforms) = preSolution
		Debug|Any CPU = Debug|Any CPU
		Release|Any CPU = Release|Any CPU
	EndGlobalSection
	GlobalSection(ProjectConfigurationPlatforms) = postSolution
		{6BDA2ABA-62DE-493B-8308-250467B6CCDB}.Debug|Any CPU.ActiveCfg = Debug|Any CPU
		{6BDA2ABA-62DE-493B-8308-250467B6CCDB}.Debug|Any CPU.Build.0 = Debug|Any CPU
		{6BDA2ABA-62DE-493B-8308-250467B6CCDB}.Release|Any CPU.ActiveCfg = Release|Any CPU
		{6BDA2ABA-62DE-493B-8308-250467B6CCDB}.Release|Any CPU.Build.0 = Release|Any CPU
	EndGlobalSection
	GlobalSection(SolutionProperties) = preSolution
		HideSolutionNode = FALSE
	EndGlobalSection
	GlobalSection(ExtensibilityGlobals) = postSolution
		SolutionGuid = {730CFD93-EE40-4C65-B34E-2AC0FCD67CE0}
	EndGlobalSection
EndGlobal
